// !$*UTF8*$!
{
	archiveVersion = 1;
	classes = {
	};
	objectVersion = 46;
	objects = {

/* Begin PBXBuildFile section */
		D0874AC91CC7750700F8C3F8 /* AppDelegate.swift in Sources */ = {isa = PBXBuildFile; fileRef = D0874AC81CC7750700F8C3F8 /* AppDelegate.swift */; };
		D0874ACB1CC7750700F8C3F8 /* ViewController.swift in Sources */ = {isa = PBXBuildFile; fileRef = D0874ACA1CC7750700F8C3F8 /* ViewController.swift */; };
		D0874ACE1CC7750700F8C3F8 /* Main.storyboard in Resources */ = {isa = PBXBuildFile; fileRef = D0874ACC1CC7750700F8C3F8 /* Main.storyboard */; };
		D0874AD01CC7750700F8C3F8 /* Assets.xcassets in Resources */ = {isa = PBXBuildFile; fileRef = D0874ACF1CC7750700F8C3F8 /* Assets.xcassets */; };
		D0874AD31CC7750700F8C3F8 /* LaunchScreen.storyboard in Resources */ = {isa = PBXBuildFile; fileRef = D0874AD11CC7750700F8C3F8 /* LaunchScreen.storyboard */; };
		D0874ADE1CC7750700F8C3F8 /* InterfaceBuilderFunTests.swift in Sources */ = {isa = PBXBuildFile; fileRef = D0874ADD1CC7750700F8C3F8 /* InterfaceBuilderFunTests.swift */; };
		D0874AE91CC7750700F8C3F8 /* InterfaceBuilderFunUITests.swift in Sources */ = {isa = PBXBuildFile; fileRef = D0874AE81CC7750700F8C3F8 /* InterfaceBuilderFunUITests.swift */; };
/* End PBXBuildFile section */

/* Begin PBXContainerItemProxy section */
		D0874ADA1CC7750700F8C3F8 /* PBXContainerItemProxy */ = {
			isa = PBXContainerItemProxy;
			containerPortal = D0874ABD1CC7750700F8C3F8 /* Project object */;
			proxyType = 1;
			remoteGlobalIDString = D0874AC41CC7750700F8C3F8;
			remoteInfo = InterfaceBuilderFun;
		};
		D0874AE51CC7750700F8C3F8 /* PBXContainerItemProxy */ = {
			isa = PBXContainerItemProxy;
			containerPortal = D0874ABD1CC7750700F8C3F8 /* Project object */;
			proxyType = 1;
			remoteGlobalIDString = D0874AC41CC7750700F8C3F8;
			remoteInfo = InterfaceBuilderFun;
		};
/* End PBXContainerItemProxy section */

/* Begin PBXFileReference section */
		D0874AC51CC7750700F8C3F8 /* InterfaceBuilderFun.app */ = {isa = PBXFileReference; explicitFileType = wrapper.application; includeInIndex = 0; path = InterfaceBuilderFun.app; sourceTree = BUILT_PRODUCTS_DIR; };
		D0874AC81CC7750700F8C3F8 /* AppDelegate.swift */ = {isa = PBXFileReference; lastKnownFileType = sourcecode.swift; path = AppDelegate.swift; sourceTree = "<group>"; };
		D0874ACA1CC7750700F8C3F8 /* ViewController.swift */ = {isa = PBXFileReference; lastKnownFileType = sourcecode.swift; path = ViewController.swift; sourceTree = "<group>"; };
		D0874ACD1CC7750700F8C3F8 /* Base */ = {isa = PBXFileReference; lastKnownFileType = file.storyboard; name = Base; path = Base.lproj/Main.storyboard; sourceTree = "<group>"; };
		D0874ACF1CC7750700F8C3F8 /* Assets.xcassets */ = {isa = PBXFileReference; lastKnownFileType = folder.assetcatalog; path = Assets.xcassets; sourceTree = "<group>"; };
		D0874AD21CC7750700F8C3F8 /* Base */ = {isa = PBXFileReference; lastKnownFileType = file.storyboard; name = Base; path = Base.lproj/LaunchScreen.storyboard; sourceTree = "<group>"; };
		D0874AD41CC7750700F8C3F8 /* Info.plist */ = {isa = PBXFileReference; lastKnownFileType = text.plist.xml; path = Info.plist; sourceTree = "<group>"; };
		D0874AD91CC7750700F8C3F8 /* InterfaceBuilderFunTests.xctest */ = {isa = PBXFileReference; explicitFileType = wrapper.cfbundle; includeInIndex = 0; path = InterfaceBuilderFunTests.xctest; sourceTree = BUILT_PRODUCTS_DIR; };
		D0874ADD1CC7750700F8C3F8 /* InterfaceBuilderFunTests.swift */ = {isa = PBXFileReference; lastKnownFileType = sourcecode.swift; path = InterfaceBuilderFunTests.swift; sourceTree = "<group>"; };
		D0874ADF1CC7750700F8C3F8 /* Info.plist */ = {isa = PBXFileReference; lastKnownFileType = text.plist.xml; path = Info.plist; sourceTree = "<group>"; };
		D0874AE41CC7750700F8C3F8 /* InterfaceBuilderFunUITests.xctest */ = {isa = PBXFileReference; explicitFileType = wrapper.cfbundle; includeInIndex = 0; path = InterfaceBuilderFunUITests.xctest; sourceTree = BUILT_PRODUCTS_DIR; };
		D0874AE81CC7750700F8C3F8 /* InterfaceBuilderFunUITests.swift */ = {isa = PBXFileReference; lastKnownFileType = sourcecode.swift; path = InterfaceBuilderFunUITests.swift; sourceTree = "<group>"; };
		D0874AEA1CC7750800F8C3F8 /* Info.plist */ = {isa = PBXFileReference; lastKnownFileType = text.plist.xml; path = Info.plist; sourceTree = "<group>"; };
/* End PBXFileReference section */

/* Begin PBXFrameworksBuildPhase section */
		D0874AC21CC7750700F8C3F8 /* Frameworks */ = {
			isa = PBXFrameworksBuildPhase;
			buildActionMask = 2147483647;
			files = (
			);
			runOnlyForDeploymentPostprocessing = 0;
		};
		D0874AD61CC7750700F8C3F8 /* Frameworks */ = {
			isa = PBXFrameworksBuildPhase;
			buildActionMask = 2147483647;
			files = (
			);
			runOnlyForDeploymentPostprocessing = 0;
		};
		D0874AE11CC7750700F8C3F8 /* Frameworks */ = {
			isa = PBXFrameworksBuildPhase;
			buildActionMask = 2147483647;
			files = (
			);
			runOnlyForDeploymentPostprocessing = 0;
		};
/* End PBXFrameworksBuildPhase section */

/* Begin PBXGroup section */
		D0874ABC1CC7750700F8C3F8 = {
			isa = PBXGroup;
			children = (
				D0874AC71CC7750700F8C3F8 /* InterfaceBuilderFun */,
				D0874ADC1CC7750700F8C3F8 /* InterfaceBuilderFunTests */,
				D0874AE71CC7750700F8C3F8 /* InterfaceBuilderFunUITests */,
				D0874AC61CC7750700F8C3F8 /* Products */,
			);
			sourceTree = "<group>";
		};
		D0874AC61CC7750700F8C3F8 /* Products */ = {
			isa = PBXGroup;
			children = (
				D0874AC51CC7750700F8C3F8 /* InterfaceBuilderFun.app */,
				D0874AD91CC7750700F8C3F8 /* InterfaceBuilderFunTests.xctest */,
				D0874AE41CC7750700F8C3F8 /* InterfaceBuilderFunUITests.xctest */,
			);
			name = Products;
			sourceTree = "<group>";
		};
		D0874AC71CC7750700F8C3F8 /* InterfaceBuilderFun */ = {
			isa = PBXGroup;
			children = (
				D0874AC81CC7750700F8C3F8 /* AppDelegate.swift */,
				D0874ACA1CC7750700F8C3F8 /* ViewController.swift */,
				D0874ACC1CC7750700F8C3F8 /* Main.storyboard */,
				D0874ACF1CC7750700F8C3F8 /* Assets.xcassets */,
				D0874AD11CC7750700F8C3F8 /* LaunchScreen.storyboard */,
				D0874AD41CC7750700F8C3F8 /* Info.plist */,
			);
			path = InterfaceBuilderFun;
			sourceTree = "<group>";
		};
		D0874ADC1CC7750700F8C3F8 /* InterfaceBuilderFunTests */ = {
			isa = PBXGroup;
			children = (
				D0874ADD1CC7750700F8C3F8 /* InterfaceBuilderFunTests.swift */,
				D0874ADF1CC7750700F8C3F8 /* Info.plist */,
			);
			path = InterfaceBuilderFunTests;
			sourceTree = "<group>";
		};
		D0874AE71CC7750700F8C3F8 /* InterfaceBuilderFunUITests */ = {
			isa = PBXGroup;
			children = (
				D0874AE81CC7750700F8C3F8 /* InterfaceBuilderFunUITests.swift */,
				D0874AEA1CC7750800F8C3F8 /* Info.plist */,
			);
			path = InterfaceBuilderFunUITests;
			sourceTree = "<group>";
		};
/* End PBXGroup section */

/* Begin PBXNativeTarget section */
		D0874AC41CC7750700F8C3F8 /* InterfaceBuilderFun */ = {
			isa = PBXNativeTarget;
			buildConfigurationList = D0874AED1CC7750800F8C3F8 /* Build configuration list for PBXNativeTarget "InterfaceBuilderFun" */;
			buildPhases = (
				D0874AC11CC7750700F8C3F8 /* Sources */,
				D0874AC21CC7750700F8C3F8 /* Frameworks */,
				D0874AC31CC7750700F8C3F8 /* Resources */,
			);
			buildRules = (
			);
			dependencies = (
			);
			name = InterfaceBuilderFun;
			productName = InterfaceBuilderFun;
			productReference = D0874AC51CC7750700F8C3F8 /* InterfaceBuilderFun.app */;
			productType = "com.apple.product-type.application";
		};
		D0874AD81CC7750700F8C3F8 /* InterfaceBuilderFunTests */ = {
			isa = PBXNativeTarget;
			buildConfigurationList = D0874AF01CC7750800F8C3F8 /* Build configuration list for PBXNativeTarget "InterfaceBuilderFunTests" */;
			buildPhases = (
				D0874AD51CC7750700F8C3F8 /* Sources */,
				D0874AD61CC7750700F8C3F8 /* Frameworks */,
				D0874AD71CC7750700F8C3F8 /* Resources */,
			);
			buildRules = (
			);
			dependencies = (
				D0874ADB1CC7750700F8C3F8 /* PBXTargetDependency */,
			);
			name = InterfaceBuilderFunTests;
			productName = InterfaceBuilderFunTests;
			productReference = D0874AD91CC7750700F8C3F8 /* InterfaceBuilderFunTests.xctest */;
			productType = "com.apple.product-type.bundle.unit-test";
		};
		D0874AE31CC7750700F8C3F8 /* InterfaceBuilderFunUITests */ = {
			isa = PBXNativeTarget;
			buildConfigurationList = D0874AF31CC7750800F8C3F8 /* Build configuration list for PBXNativeTarget "InterfaceBuilderFunUITests" */;
			buildPhases = (
				D0874AE01CC7750700F8C3F8 /* Sources */,
				D0874AE11CC7750700F8C3F8 /* Frameworks */,
				D0874AE21CC7750700F8C3F8 /* Resources */,
			);
			buildRules = (
			);
			dependencies = (
				D0874AE61CC7750700F8C3F8 /* PBXTargetDependency */,
			);
			name = InterfaceBuilderFunUITests;
			productName = InterfaceBuilderFunUITests;
			productReference = D0874AE41CC7750700F8C3F8 /* InterfaceBuilderFunUITests.xctest */;
			productType = "com.apple.product-type.bundle.ui-testing";
		};
/* End PBXNativeTarget section */

/* Begin PBXProject section */
		D0874ABD1CC7750700F8C3F8 /* Project object */ = {
			isa = PBXProject;
			attributes = {
				LastSwiftUpdateCheck = 0730;
				LastUpgradeCheck = 0730;
				ORGANIZATIONNAME = MacBookAir;
				TargetAttributes = {
					D0874AC41CC7750700F8C3F8 = {
						CreatedOnToolsVersion = 7.3;
					};
					D0874AD81CC7750700F8C3F8 = {
						CreatedOnToolsVersion = 7.3;
						TestTargetID = D0874AC41CC7750700F8C3F8;
					};
					D0874AE31CC7750700F8C3F8 = {
						CreatedOnToolsVersion = 7.3;
						TestTargetID = D0874AC41CC7750700F8C3F8;
					};
				};
			};
			buildConfigurationList = D0874AC01CC7750700F8C3F8 /* Build configuration list for PBXProject "InterfaceBuilderFun" */;
			compatibilityVersion = "Xcode 3.2";
			developmentRegion = English;
			hasScannedForEncodings = 0;
			knownRegions = (
				en,
				Base,
			);
			mainGroup = D0874ABC1CC7750700F8C3F8;
			productRefGroup = D0874AC61CC7750700F8C3F8 /* Products */;
			projectDirPath = "";
			projectRoot = "";
			targets = (
				D0874AC41CC7750700F8C3F8 /* InterfaceBuilderFun */,
				D0874AD81CC7750700F8C3F8 /* InterfaceBuilderFunTests */,
				D0874AE31CC7750700F8C3F8 /* InterfaceBuilderFunUITests */,
			);
		};
/* End PBXProject section */

/* Begin PBXResourcesBuildPhase section */
		D0874AC31CC7750700F8C3F8 /* Resources */ = {
			isa = PBXResourcesBuildPhase;
			buildActionMask = 2147483647;
			files = (
				D0874AD31CC7750700F8C3F8 /* LaunchScreen.storyboard in Resources */,
				D0874AD01CC7750700F8C3F8 /* Assets.xcassets in Resources */,
				D0874ACE1CC7750700F8C3F8 /* Main.storyboard in Resources */,
			);
			runOnlyForDeploymentPostprocessing = 0;
		};
		D0874AD71CC7750700F8C3F8 /* Resources */ = {
			isa = PBXResourcesBuildPhase;
			buildActionMask = 2147483647;
			files = (
			);
			runOnlyForDeploymentPostprocessing = 0;
		};
		D0874AE21CC7750700F8C3F8 /* Resources */ = {
			isa = PBXResourcesBuildPhase;
			buildActionMask = 2147483647;
			files = (
			);
			runOnlyForDeploymentPostprocessing = 0;
		};
/* End PBXResourcesBuildPhase section */

/* Begin PBXSourcesBuildPhase section */
		D0874AC11CC7750700F8C3F8 /* Sources */ = {
			isa = PBXSourcesBuildPhase;
			buildActionMask = 2147483647;
			files = (
				D0874ACB1CC7750700F8C3F8 /* ViewController.swift in Sources */,
				D0874AC91CC7750700F8C3F8 /* AppDelegate.swift in Sources */,
			);
			runOnlyForDeploymentPostprocessing = 0;
		};
		D0874AD51CC7750700F8C3F8 /* Sources */ = {
			isa = PBXSourcesBuildPhase;
			buildActionMask = 2147483647;
			files = (
				D0874ADE1CC7750700F8C3F8 /* InterfaceBuilderFunTests.swift in Sources */,
			);
			runOnlyForDeploymentPostprocessing = 0;
		};
		D0874AE01CC7750700F8C3F8 /* Sources */ = {
			isa = PBXSourcesBuildPhase;
			buildActionMask = 2147483647;
			files = (
				D0874AE91CC7750700F8C3F8 /* InterfaceBuilderFunUITests.swift in Sources */,
			);
			runOnlyForDeploymentPostprocessing = 0;
		};
/* End PBXSourcesBuildPhase section */

/* Begin PBXTargetDependency section */
		D0874ADB1CC7750700F8C3F8 /* PBXTargetDependency */ = {
			isa = PBXTargetDependency;
			target = D0874AC41CC7750700F8C3F8 /* InterfaceBuilderFun */;
			targetProxy = D0874ADA1CC7750700F8C3F8 /* PBXContainerItemProxy */;
		};
		D0874AE61CC7750700F8C3F8 /* PBXTargetDependency */ = {
			isa = PBXTargetDependency;
			target = D0874AC41CC7750700F8C3F8 /* InterfaceBuilderFun */;
			targetProxy = D0874AE51CC7750700F8C3F8 /* PBXContainerItemProxy */;
		};
/* End PBXTargetDependency section */

/* Begin PBXVariantGroup section */
		D0874ACC1CC7750700F8C3F8 /* Main.storyboard */ = {
			isa = PBXVariantGroup;
			children = (
				D0874ACD1CC7750700F8C3F8 /* Base */,
			);
			name = Main.storyboard;
			sourceTree = "<group>";
		};
		D0874AD11CC7750700F8C3F8 /* LaunchScreen.storyboard */ = {
			isa = PBXVariantGroup;
			children = (
				D0874AD21CC7750700F8C3F8 /* Base */,
			);
			name = LaunchScreen.storyboard;
			sourceTree = "<group>";
		};
/* End PBXVariantGroup section */

/* Begin XCBuildConfiguration section */
		D0874AEB1CC7750800F8C3F8 /* Debug */ = {
			isa = XCBuildConfiguration;
			buildSettings = {
				ALWAYS_SEARCH_USER_PATHS = NO;
				CLANG_ANALYZER_NONNULL = YES;
				CLANG_CXX_LANGUAGE_STANDARD = "gnu++0x";
				CLANG_CXX_LIBRARY = "libc++";
				CLANG_ENABLE_MODULES = YES;
				CLANG_ENABLE_OBJC_ARC = YES;
				CLANG_WARN_BOOL_CONVERSION = YES;
				CLANG_WARN_CONSTANT_CONVERSION = YES;
				CLANG_WARN_DIRECT_OBJC_ISA_USAGE = YES_ERROR;
				CLANG_WARN_EMPTY_BODY = YES;
				CLANG_WARN_ENUM_CONVERSION = YES;
				CLANG_WARN_INT_CONVERSION = YES;
				CLANG_WARN_OBJC_ROOT_CLASS = YES_ERROR;
				CLANG_WARN_UNREACHABLE_CODE = YES;
				CLANG_WARN__DUPLICATE_METHOD_MATCH = YES;
				"CODE_SIGN_IDENTITY[sdk=iphoneos*]" = "iPhone Developer";
				COPY_PHASE_STRIP = NO;
				DEBUG_INFORMATION_FORMAT = dwarf;
				ENABLE_STRICT_OBJC_MSGSEND = YES;
				ENABLE_TESTABILITY = YES;
				GCC_C_LANGUAGE_STANDARD = gnu99;
				GCC_DYNAMIC_NO_PIC = NO;
				GCC_NO_COMMON_BLOCKS = YES;
				GCC_OPTIMIZATION_LEVEL = 0;
				GCC_PREPROCESSOR_DEFINITIONS = (
					"DEBUG=1",
					"$(inherited)",
				);
				GCC_WARN_64_TO_32_BIT_CONVERSION = YES;
				GCC_WARN_ABOUT_RETURN_TYPE = YES_ERROR;
				GCC_WARN_UNDECLARED_SELECTOR = YES;
				GCC_WARN_UNINITIALIZED_AUTOS = YES_AGGRESSIVE;
				GCC_WARN_UNUSED_FUNCTION = YES;
				GCC_WARN_UNUSED_VARIABLE = YES;
				IPHONEOS_DEPLOYMENT_TARGET = 9.3;
				MTL_ENABLE_DEBUG_INFO = YES;
				ONLY_ACTIVE_ARCH = YES;
				SDKROOT = iphoneos;
				SWIFT_OPTIMIZATION_LEVEL = "-Onone";
				TARGETED_DEVICE_FAMILY = "1,2";
			};
			name = Debug;
		};
		D0874AEC1CC7750800F8C3F8 /* Release */ = {
			isa = XCBuildConfiguration;
			buildSettings = {
				ALWAYS_SEARCH_USER_PATHS = NO;
				CLANG_ANALYZER_NONNULL = YES;
				CLANG_CXX_LANGUAGE_STANDARD = "gnu++0x";
				CLANG_CXX_LIBRARY = "libc++";
				CLANG_ENABLE_MODULES = YES;
				CLANG_ENABLE_OBJC_ARC = YES;
				CLANG_WARN_BOOL_CONVERSION = YES;
				CLANG_WARN_CONSTANT_CONVERSION = YES;
				CLANG_WARN_DIRECT_OBJC_ISA_USAGE = YES_ERROR;
				CLANG_WARN_EMPTY_BODY = YES;
				CLANG_WARN_ENUM_CONVERSION = YES;
				CLANG_WARN_INT_CONVERSION = YES;
				CLANG_WARN_OBJC_ROOT_CLASS = YES_ERROR;
				CLANG_WARN_UNREACHABLE_CODE = YES;
				CLANG_WARN__DUPLICATE_METHOD_MATCH = YES;
				"CODE_SIGN_IDENTITY[sdk=iphoneos*]" = "iPhone Developer";
				COPY_PHASE_STRIP = NO;
				DEBUG_INFORMATION_FORMAT = "dwarf-with-dsym";
				ENABLE_NS_ASSERTIONS = NO;
				ENABLE_STRICT_OBJC_MSGSEND = YES;
				GCC_C_LANGUAGE_STANDARD = gnu99;
				GCC_NO_COMMON_BLOCKS = YES;
				GCC_WARN_64_TO_32_BIT_CONVERSION = YES;
				GCC_WARN_ABOUT_RETURN_TYPE = YES_ERROR;
				GCC_WARN_UNDECLARED_SELECTOR = YES;
				GCC_WARN_UNINITIALIZED_AUTOS = YES_AGGRESSIVE;
				GCC_WARN_UNUSED_FUNCTION = YES;
				GCC_WARN_UNUSED_VARIABLE = YES;
				IPHONEOS_DEPLOYMENT_TARGET = 9.3;
				MTL_ENABLE_DEBUG_INFO = NO;
				SDKROOT = iphoneos;
				TARGETED_DEVICE_FAMILY = "1,2";
				VALIDATE_PRODUCT = YES;
			};
			name = Release;
		};
		D0874AEE1CC7750800F8C3F8 /* Debug */ = {
			isa = XCBuildConfiguration;
			buildSettings = {
				ASSETCATALOG_COMPILER_APPICON_NAME = AppIcon;
				INFOPLIST_FILE = InterfaceBuilderFun/Info.plist;
				LD_RUNPATH_SEARCH_PATHS = "$(inherited) @executable_path/Frameworks";
				PRODUCT_BUNDLE_IDENTIFIER = bla.InterfaceBuilderFun;
				PRODUCT_NAME = "$(TARGET_NAME)";
			};
			name = Debug;
		};
		D0874AEF1CC7750800F8C3F8 /* Release */ = {
			isa = XCBuildConfiguration;
			buildSettings = {
				ASSETCATALOG_COMPILER_APPICON_NAME = AppIcon;
				INFOPLIST_FILE = InterfaceBuilderFun/Info.plist;
				LD_RUNPATH_SEARCH_PATHS = "$(inherited) @executable_path/Frameworks";
				PRODUCT_BUNDLE_IDENTIFIER = bla.InterfaceBuilderFun;
				PRODUCT_NAME = "$(TARGET_NAME)";
			};
			name = Release;
		};
		D0874AF11CC7750800F8C3F8 /* Debug */ = {
			isa = XCBuildConfiguration;
			buildSettings = {
				BUNDLE_LOADER = "$(TEST_HOST)";
				INFOPLIST_FILE = InterfaceBuilderFunTests/Info.plist;
				LD_RUNPATH_SEARCH_PATHS = "$(inherited) @executable_path/Frameworks @loader_path/Frameworks";
				PRODUCT_BUNDLE_IDENTIFIER = bla.InterfaceBuilderFunTests;
				PRODUCT_NAME = "$(TARGET_NAME)";
				TEST_HOST = "$(BUILT_PRODUCTS_DIR)/InterfaceBuilderFun.app/InterfaceBuilderFun";
			};
			name = Debug;
		};
		D0874AF21CC7750800F8C3F8 /* Release */ = {
			isa = XCBuildConfiguration;
			buildSettings = {
				BUNDLE_LOADER = "$(TEST_HOST)";
				INFOPLIST_FILE = InterfaceBuilderFunTests/Info.plist;
				LD_RUNPATH_SEARCH_PATHS = "$(inherited) @executable_path/Frameworks @loader_path/Frameworks";
				PRODUCT_BUNDLE_IDENTIFIER = bla.InterfaceBuilderFunTests;
				PRODUCT_NAME = "$(TARGET_NAME)";
				TEST_HOST = "$(BUILT_PRODUCTS_DIR)/InterfaceBuilderFun.app/InterfaceBuilderFun";
			};
			name = Release;
		};
		D0874AF41CC7750800F8C3F8 /* Debug */ = {
			isa = XCBuildConfiguration;
			buildSettings = {
				INFOPLIST_FILE = InterfaceBuilderFunUITests/Info.plist;
				LD_RUNPATH_SEARCH_PATHS = "$(inherited) @executable_path/Frameworks @loader_path/Frameworks";
				PRODUCT_BUNDLE_IDENTIFIER = bla.InterfaceBuilderFunUITests;
				PRODUCT_NAME = "$(TARGET_NAME)";
				TEST_TARGET_NAME = InterfaceBuilderFun;
			};
			name = Debug;
		};
		D0874AF51CC7750800F8C3F8 /* Release */ = {
			isa = XCBuildConfiguration;
			buildSettings = {
				INFOPLIST_FILE = InterfaceBuilderFunUITests/Info.plist;
				LD_RUNPATH_SEARCH_PATHS = "$(inherited) @executable_path/Frameworks @loader_path/Frameworks";
				PRODUCT_BUNDLE_IDENTIFIER = bla.InterfaceBuilderFunUITests;
				PRODUCT_NAME = "$(TARGET_NAME)";
				TEST_TARGET_NAME = InterfaceBuilderFun;
			};
			name = Release;
		};
/* End XCBuildConfiguration section */

/* Begin XCConfigurationList section */
		D0874AC01CC7750700F8C3F8 /* Build configuration list for PBXProject "InterfaceBuilderFun" */ = {
			isa = XCConfigurationList;
			buildConfigurations = (
				D0874AEB1CC7750800F8C3F8 /* Debug */,
				D0874AEC1CC7750800F8C3F8 /* Release */,
			);
			defaultConfigurationIsVisible = 0;
			defaultConfigurationName = Release;
		};
		D0874AED1CC7750800F8C3F8 /* Build configuration list for PBXNativeTarget "InterfaceBuilderFun" */ = {
			isa = XCConfigurationList;
			buildConfigurations = (
				D0874AEE1CC7750800F8C3F8 /* Debug */,
				D0874AEF1CC7750800F8C3F8 /* Release */,
			);
			defaultConfigurationIsVisible = 0;
		};
		D0874AF01CC7750800F8C3F8 /* Build configuration list for PBXNativeTarget "InterfaceBuilderFunTests" */ = {
			isa = XCConfigurationList;
			buildConfigurations = (
				D0874AF11CC7750800F8C3F8 /* Debug */,
				D0874AF21CC7750800F8C3F8 /* Release */,
			);
			defaultConfigurationIsVisible = 0;
		};
		D0874AF31CC7750800F8C3F8 /* Build configuration list for PBXNativeTarget "InterfaceBuilderFunUITests" */ = {
			isa = XCConfigurationList;
			buildConfigurations = (
				D0874AF41CC7750800F8C3F8 /* Debug */,
				D0874AF51CC7750800F8C3F8 /* Release */,
			);
			defaultConfigurationIsVisible = 0;
		};
/* End XCConfigurationList section */
	};
	rootObject = D0874ABD1CC7750700F8C3F8 /* Project object */;
}
